
Microsoft Visual Studio Solution File, Format Version 12.00
# Visual Studio Version 17
VisualStudioVersion = 17.14.36202.13 d17.14
MinimumVisualStudioVersion = 10.0.40219.1
Project("{FAE04EC0-301F-11D3-BF4B-00C04F79EFBC}") = "ConsoleApp3", "ConsoleApp3\ConsoleApp3.csproj", "{900ECE74-94E0-4CE6-96E3-D63C6A5178DF}"
EndProject
Global
	GlobalSection(SolutionConfigurationPlatforms) = preSolution
		Debug|Any CPU = Debug|Any CPU
		Release|Any CPU = Release|Any CPU
	EndGlobalSection
	GlobalSection(ProjectConfigurationPlatforms) = postSolution
		{900ECE74-94E0-4CE6-96E3-D63C6A5178DF}.Debug|Any CPU.ActiveCfg = Debug|Any CPU
		{900ECE74-94E0-4CE6-96E3-D63C6A5178DF}.Debug|Any CPU.Build.0 = Debug|Any CPU
		{900ECE74-94E0-4CE6-96E3-D63C6A5178DF}.Release|Any CPU.ActiveCfg = Release|Any CPU
		{900ECE74-94E0-4CE6-96E3-D63C6A5178DF}.Release|Any CPU.Build.0 = Release|Any CPU
	EndGlobalSection
	GlobalSection(SolutionProperties) = preSolution
		HideSolutionNode = FALSE
	EndGlobalSection
	GlobalSection(ExtensibilityGlobals) = postSolution
		SolutionGuid = {CAF157EC-23B7-4BD5-BB79-330ECA752B2F}
	EndGlobalSection
EndGlobal
