
Microsoft Visual Studio Solution File, Format Version 12.00
# Visual Studio Version 17
VisualStudioVersion = 17.14.36202.13 d17.14
MinimumVisualStudioVersion = 10.0.40219.1
Project("{FAE04EC0-301F-11D3-BF4B-00C04F79EFBC}") = "ProjetoWhile3", "ProjetoWhile3\ProjetoWhile3.csproj", "{A2959163-072D-4A19-B7BB-A7FAB15836A5}"
EndProject
Global
	GlobalSection(SolutionConfigurationPlatforms) = preSolution
		Debug|Any CPU = Debug|Any CPU
		Release|Any CPU = Release|Any CPU
	EndGlobalSection
	GlobalSection(ProjectConfigurationPlatforms) = postSolution
		{A2959163-072D-4A19-B7BB-A7FAB15836A5}.Debug|Any CPU.ActiveCfg = Debug|Any CPU
		{A2959163-072D-4A19-B7BB-A7FAB15836A5}.Debug|Any CPU.Build.0 = Debug|Any CPU
		{A2959163-072D-4A19-B7BB-A7FAB15836A5}.Release|Any CPU.ActiveCfg = Release|Any CPU
		{A2959163-072D-4A19-B7BB-A7FAB15836A5}.Release|Any CPU.Build.0 = Release|Any CPU
	EndGlobalSection
	GlobalSection(SolutionProperties) = preSolution
		HideSolutionNode = FALSE
	EndGlobalSection
	GlobalSection(ExtensibilityGlobals) = postSolution
		SolutionGuid = {5676CC27-67A0-44BA-BF37-15F91F2BECC3}
	EndGlobalSection
EndGlobal
